
Microsoft Visual Studio Solution File, Format Version 12.00
# Visual Studio Version 17
VisualStudioVersion = 17.14.36301.6 d17.14
MinimumVisualStudioVersion = 10.0.40219.1
Project("{FAE04EC0-301F-11D3-BF4B-00C04F79EFBC}") = "Cheats", "Cheats.csproj", "{7149FC77-905B-418F-AC59-3DAFFFCC7E5A}"
EndProject
Global
	GlobalSection(SolutionConfigurationPlatforms) = preSolution
		Debug|Any CPU = Debug|Any CPU
		Release|Any CPU = Release|Any CPU
	EndGlobalSection
	GlobalSection(ProjectConfigurationPlatforms) = postSolution
		{7149FC77-905B-418F-AC59-3DAFFFCC7E5A}.Debug|Any CPU.ActiveCfg = Debug|Any CPU
		{7149FC77-905B-418F-AC59-3DAFFFCC7E5A}.Debug|Any CPU.Build.0 = Debug|Any CPU
		{7149FC77-905B-418F-AC59-3DAFFFCC7E5A}.Release|Any CPU.ActiveCfg = Release|Any CPU
		{7149FC77-905B-418F-AC59-3DAFFFCC7E5A}.Release|Any CPU.Build.0 = Release|Any CPU
	EndGlobalSection
	GlobalSection(SolutionProperties) = preSolution
		HideSolutionNode = FALSE
	EndGlobalSection
	GlobalSection(ExtensibilityGlobals) = postSolution
		SolutionGuid = {3CA4F023-C508-408B-A6A5-94FD09A42DCF}
	EndGlobalSection
EndGlobal
